// !$*UTF8*$!
{
	archiveVersion = 1;
	classes = {
	};
	objectVersion = 50;
	objects = {

/* Begin PBXBuildFile section */
		3418C7F42192968700B27AF1 /* EventPostViewController.swift in Sources */ = {isa = PBXBuildFile; fileRef = 3418C7F32192968700B27AF1 /* EventPostViewController.swift */; };
		3485098421945BC9006069B9 /* ReDetailProfileViewController.swift in Sources */ = {isa = PBXBuildFile; fileRef = 3485098321945BC9006069B9 /* ReDetailProfileViewController.swift */; };
		34976D522176C93B00829251 /* AppDelegate.swift in Sources */ = {isa = PBXBuildFile; fileRef = 34976D512176C93B00829251 /* AppDelegate.swift */; };
		34976D572176C93B00829251 /* Main.storyboard in Resources */ = {isa = PBXBuildFile; fileRef = 34976D552176C93B00829251 /* Main.storyboard */; };
		34976D592176C94100829251 /* Assets.xcassets in Resources */ = {isa = PBXBuildFile; fileRef = 34976D582176C94100829251 /* Assets.xcassets */; };
		34976D5C2176C94100829251 /* LaunchScreen.storyboard in Resources */ = {isa = PBXBuildFile; fileRef = 34976D5A2176C94100829251 /* LaunchScreen.storyboard */; };
		34976D642176C9C300829251 /* LoginViewController.swift in Sources */ = {isa = PBXBuildFile; fileRef = 34976D632176C9C300829251 /* LoginViewController.swift */; };
		34976D662176CA0700829251 /* TabBarController.swift in Sources */ = {isa = PBXBuildFile; fileRef = 34976D652176CA0700829251 /* TabBarController.swift */; };
		34976D682176CA2000829251 /* RegisterViewController.swift in Sources */ = {isa = PBXBuildFile; fileRef = 34976D672176CA2000829251 /* RegisterViewController.swift */; };
		34976D6A2176CA4900829251 /* DetailRegisterViewController.swift in Sources */ = {isa = PBXBuildFile; fileRef = 34976D692176CA4900829251 /* DetailRegisterViewController.swift */; };
		34976D6C2176CA5A00829251 /* HomeViewController.swift in Sources */ = {isa = PBXBuildFile; fileRef = 34976D6B2176CA5A00829251 /* HomeViewController.swift */; };
		34976D6E2176CB7900829251 /* SettingViewController.swift in Sources */ = {isa = PBXBuildFile; fileRef = 34976D6D2176CB7900829251 /* SettingViewController.swift */; };
		34976D702176CB9B00829251 /* EventViewController.swift in Sources */ = {isa = PBXBuildFile; fileRef = 34976D6F2176CB9B00829251 /* EventViewController.swift */; };
		34976D722176CBEA00829251 /* BothMatchViewController.swift in Sources */ = {isa = PBXBuildFile; fileRef = 34976D712176CBEA00829251 /* BothMatchViewController.swift */; };
		34976D742176CC0A00829251 /* SearchViewController.swift in Sources */ = {isa = PBXBuildFile; fileRef = 34976D732176CC0A00829251 /* SearchViewController.swift */; };
		34976D762176CC3C00829251 /* ProfileViewController.swift in Sources */ = {isa = PBXBuildFile; fileRef = 34976D752176CC3C00829251 /* ProfileViewController.swift */; };
		34976D782176CC6F00829251 /* SelfProfileSettingViewController.swift in Sources */ = {isa = PBXBuildFile; fileRef = 34976D772176CC6F00829251 /* SelfProfileSettingViewController.swift */; };
		34976D7A2176D96F00829251 /* Data.swift in Sources */ = {isa = PBXBuildFile; fileRef = 34976D792176D96F00829251 /* Data.swift */; };
		34E385A521822A940022B95B /* ImageRegisterViewController.swift in Sources */ = {isa = PBXBuildFile; fileRef = 34E385A421822A940022B95B /* ImageRegisterViewController.swift */; };
		34FD761221802FAF00DA6AE0 /* AllFunc.swift in Sources */ = {isa = PBXBuildFile; fileRef = 34FD761121802FAF00DA6AE0 /* AllFunc.swift */; };
/* End PBXBuildFile section */

/* Begin PBXFileReference section */
		3418C7F32192968700B27AF1 /* EventPostViewController.swift */ = {isa = PBXFileReference; lastKnownFileType = sourcecode.swift; path = EventPostViewController.swift; sourceTree = "<group>"; };
		3485098321945BC9006069B9 /* ReDetailProfileViewController.swift */ = {isa = PBXFileReference; lastKnownFileType = sourcecode.swift; path = ReDetailProfileViewController.swift; sourceTree = "<group>"; };
		34976D4E2176C93A00829251 /* Matching.app */ = {isa = PBXFileReference; explicitFileType = wrapper.application; includeInIndex = 0; path = Matching.app; sourceTree = BUILT_PRODUCTS_DIR; };
		34976D512176C93B00829251 /* AppDelegate.swift */ = {isa = PBXFileReference; lastKnownFileType = sourcecode.swift; path = AppDelegate.swift; sourceTree = "<group>"; };
		34976D562176C93B00829251 /* Base */ = {isa = PBXFileReference; lastKnownFileType = file.storyboard; name = Base; path = Base.lproj/Main.storyboard; sourceTree = "<group>"; };
		34976D582176C94100829251 /* Assets.xcassets */ = {isa = PBXFileReference; lastKnownFileType = folder.assetcatalog; path = Assets.xcassets; sourceTree = "<group>"; };
		34976D5B2176C94100829251 /* Base */ = {isa = PBXFileReference; lastKnownFileType = file.storyboard; name = Base; path = Base.lproj/LaunchScreen.storyboard; sourceTree = "<group>"; };
		34976D5D2176C94100829251 /* Info.plist */ = {isa = PBXFileReference; lastKnownFileType = text.plist.xml; path = Info.plist; sourceTree = "<group>"; };
		34976D632176C9C300829251 /* LoginViewController.swift */ = {isa = PBXFileReference; lastKnownFileType = sourcecode.swift; path = LoginViewController.swift; sourceTree = "<group>"; };
		34976D652176CA0700829251 /* TabBarController.swift */ = {isa = PBXFileReference; lastKnownFileType = sourcecode.swift; path = TabBarController.swift; sourceTree = "<group>"; };
		34976D672176CA2000829251 /* RegisterViewController.swift */ = {isa = PBXFileReference; lastKnownFileType = sourcecode.swift; path = RegisterViewController.swift; sourceTree = "<group>"; };
		34976D692176CA4900829251 /* DetailRegisterViewController.swift */ = {isa = PBXFileReference; lastKnownFileType = sourcecode.swift; path = DetailRegisterViewController.swift; sourceTree = "<group>"; };
		34976D6B2176CA5A00829251 /* HomeViewController.swift */ = {isa = PBXFileReference; lastKnownFileType = sourcecode.swift; path = HomeViewController.swift; sourceTree = "<group>"; };
		34976D6D2176CB7900829251 /* SettingViewController.swift */ = {isa = PBXFileReference; lastKnownFileType = sourcecode.swift; path = SettingViewController.swift; sourceTree = "<group>"; };
		34976D6F2176CB9B00829251 /* EventViewController.swift */ = {isa = PBXFileReference; lastKnownFileType = sourcecode.swift; path = EventViewController.swift; sourceTree = "<group>"; };
		34976D712176CBEA00829251 /* BothMatchViewController.swift */ = {isa = PBXFileReference; lastKnownFileType = sourcecode.swift; path = BothMatchViewController.swift; sourceTree = "<group>"; };
		34976D732176CC0A00829251 /* SearchViewController.swift */ = {isa = PBXFileReference; lastKnownFileType = sourcecode.swift; path = SearchViewController.swift; sourceTree = "<group>"; };
		34976D752176CC3C00829251 /* ProfileViewController.swift */ = {isa = PBXFileReference; lastKnownFileType = sourcecode.swift; path = ProfileViewController.swift; sourceTree = "<group>"; };
		34976D772176CC6F00829251 /* SelfProfileSettingViewController.swift */ = {isa = PBXFileReference; lastKnownFileType = sourcecode.swift; path = SelfProfileSettingViewController.swift; sourceTree = "<group>"; };
		34976D792176D96F00829251 /* Data.swift */ = {isa = PBXFileReference; lastKnownFileType = sourcecode.swift; path = Data.swift; sourceTree = "<group>"; };
		34E385A421822A940022B95B /* ImageRegisterViewController.swift */ = {isa = PBXFileReference; lastKnownFileType = sourcecode.swift; path = ImageRegisterViewController.swift; sourceTree = "<group>"; };
		34FD761121802FAF00DA6AE0 /* AllFunc.swift */ = {isa = PBXFileReference; lastKnownFileType = sourcecode.swift; path = AllFunc.swift; sourceTree = "<group>"; };
/* End PBXFileReference section */

/* Begin PBXFrameworksBuildPhase section */
		34976D4B2176C93A00829251 /* Frameworks */ = {
			isa = PBXFrameworksBuildPhase;
			buildActionMask = 2147483647;
			files = (
			);
			runOnlyForDeploymentPostprocessing = 0;
		};
/* End PBXFrameworksBuildPhase section */

/* Begin PBXGroup section */
		34976D452176C93A00829251 = {
			isa = PBXGroup;
			children = (
				34976D502176C93A00829251 /* Matching */,
				34976D4F2176C93A00829251 /* Products */,
			);
			sourceTree = "<group>";
		};
		34976D4F2176C93A00829251 /* Products */ = {
			isa = PBXGroup;
			children = (
				34976D4E2176C93A00829251 /* Matching.app */,
			);
			name = Products;
			sourceTree = "<group>";
		};
		34976D502176C93A00829251 /* Matching */ = {
			isa = PBXGroup;
			children = (
				34976D792176D96F00829251 /* Data.swift */,
				34FD761121802FAF00DA6AE0 /* AllFunc.swift */,
				34976D512176C93B00829251 /* AppDelegate.swift */,
				34976D652176CA0700829251 /* TabBarController.swift */,
				34976D632176C9C300829251 /* LoginViewController.swift */,
				34976D672176CA2000829251 /* RegisterViewController.swift */,
				34976D692176CA4900829251 /* DetailRegisterViewController.swift */,
				34E385A421822A940022B95B /* ImageRegisterViewController.swift */,
				34976D6B2176CA5A00829251 /* HomeViewController.swift */,
				34976D6F2176CB9B00829251 /* EventViewController.swift */,
				34976D712176CBEA00829251 /* BothMatchViewController.swift */,
				34976D6D2176CB7900829251 /* SettingViewController.swift */,
				3418C7F32192968700B27AF1 /* EventPostViewController.swift */,
				34976D732176CC0A00829251 /* SearchViewController.swift */,
				34976D752176CC3C00829251 /* ProfileViewController.swift */,
				34976D772176CC6F00829251 /* SelfProfileSettingViewController.swift */,
				3485098321945BC9006069B9 /* ReDetailProfileViewController.swift */,
				34976D552176C93B00829251 /* Main.storyboard */,
				34976D582176C94100829251 /* Assets.xcassets */,
				34976D5A2176C94100829251 /* LaunchScreen.storyboard */,
				34976D5D2176C94100829251 /* Info.plist */,
			);
			path = Matching;
			sourceTree = "<group>";
		};
/* End PBXGroup section */

/* Begin PBXNativeTarget section */
		34976D4D2176C93A00829251 /* Matching */ = {
			isa = PBXNativeTarget;
			buildConfigurationList = 34976D602176C94100829251 /* Build configuration list for PBXNativeTarget "Matching" */;
			buildPhases = (
				34976D4A2176C93A00829251 /* Sources */,
				34976D4B2176C93A00829251 /* Frameworks */,
				34976D4C2176C93A00829251 /* Resources */,
			);
			buildRules = (
			);
			dependencies = (
			);
			name = Matching;
			productName = Matching;
			productReference = 34976D4E2176C93A00829251 /* Matching.app */;
			productType = "com.apple.product-type.application";
		};
/* End PBXNativeTarget section */

/* Begin PBXProject section */
		34976D462176C93A00829251 /* Project object */ = {
			isa = PBXProject;
			attributes = {
				LastSwiftUpdateCheck = 0940;
				LastUpgradeCheck = 0940;
				ORGANIZATIONNAME = SUGIYOSI;
				TargetAttributes = {
					34976D4D2176C93A00829251 = {
						CreatedOnToolsVersion = 9.4.1;
						LastSwiftMigration = 1010;
					};
				};
			};
			buildConfigurationList = 34976D492176C93A00829251 /* Build configuration list for PBXProject "Matching" */;
			compatibilityVersion = "Xcode 9.3";
			developmentRegion = en;
			hasScannedForEncodings = 0;
			knownRegions = (
				en,
				Base,
			);
			mainGroup = 34976D452176C93A00829251;
			productRefGroup = 34976D4F2176C93A00829251 /* Products */;
			projectDirPath = "";
			projectRoot = "";
			targets = (
				34976D4D2176C93A00829251 /* Matching */,
			);
		};
/* End PBXProject section */

/* Begin PBXResourcesBuildPhase section */
		34976D4C2176C93A00829251 /* Resources */ = {
			isa = PBXResourcesBuildPhase;
			buildActionMask = 2147483647;
			files = (
				34976D5C2176C94100829251 /* LaunchScreen.storyboard in Resources */,
				34976D592176C94100829251 /* Assets.xcassets in Resources */,
				34976D572176C93B00829251 /* Main.storyboard in Resources */,
			);
			runOnlyForDeploymentPostprocessing = 0;
		};
/* End PBXResourcesBuildPhase section */

/* Begin PBXSourcesBuildPhase section */
		34976D4A2176C93A00829251 /* Sources */ = {
			isa = PBXSourcesBuildPhase;
			buildActionMask = 2147483647;
			files = (
				34976D642176C9C300829251 /* LoginViewController.swift in Sources */,
				34976D742176CC0A00829251 /* SearchViewController.swift in Sources */,
				34976D682176CA2000829251 /* RegisterViewController.swift in Sources */,
				34976D662176CA0700829251 /* TabBarController.swift in Sources */,
				34E385A521822A940022B95B /* ImageRegisterViewController.swift in Sources */,
				34976D6E2176CB7900829251 /* SettingViewController.swift in Sources */,
				34976D782176CC6F00829251 /* SelfProfileSettingViewController.swift in Sources */,
				34976D702176CB9B00829251 /* EventViewController.swift in Sources */,
				34976D762176CC3C00829251 /* ProfileViewController.swift in Sources */,
				34FD761221802FAF00DA6AE0 /* AllFunc.swift in Sources */,
				3485098421945BC9006069B9 /* ReDetailProfileViewController.swift in Sources */,
				34976D7A2176D96F00829251 /* Data.swift in Sources */,
				34976D6A2176CA4900829251 /* DetailRegisterViewController.swift in Sources */,
				34976D722176CBEA00829251 /* BothMatchViewController.swift in Sources */,
				34976D6C2176CA5A00829251 /* HomeViewController.swift in Sources */,
				34976D522176C93B00829251 /* AppDelegate.swift in Sources */,
				3418C7F42192968700B27AF1 /* EventPostViewController.swift in Sources */,
			);
			runOnlyForDeploymentPostprocessing = 0;
		};
/* End PBXSourcesBuildPhase section */

/* Begin PBXVariantGroup section */
		34976D552176C93B00829251 /* Main.storyboard */ = {
			isa = PBXVariantGroup;
			children = (
				34976D562176C93B00829251 /* Base */,
			);
			name = Main.storyboard;
			sourceTree = "<group>";
		};
		34976D5A2176C94100829251 /* LaunchScreen.storyboard */ = {
			isa = PBXVariantGroup;
			children = (
				34976D5B2176C94100829251 /* Base */,
			);
			name = LaunchScreen.storyboard;
			sourceTree = "<group>";
		};
/* End PBXVariantGroup section */

/* Begin XCBuildConfiguration section */
		34976D5E2176C94100829251 /* Debug */ = {
			isa = XCBuildConfiguration;
			buildSettings = {
				ALWAYS_SEARCH_USER_PATHS = NO;
				CLANG_ANALYZER_NONNULL = YES;
				CLANG_ANALYZER_NUMBER_OBJECT_CONVERSION = YES_AGGRESSIVE;
				CLANG_CXX_LANGUAGE_STANDARD = "gnu++14";
				CLANG_CXX_LIBRARY = "libc++";
				CLANG_ENABLE_MODULES = YES;
				CLANG_ENABLE_OBJC_ARC = YES;
				CLANG_ENABLE_OBJC_WEAK = YES;
				CLANG_WARN_BLOCK_CAPTURE_AUTORELEASING = YES;
				CLANG_WARN_BOOL_CONVERSION = YES;
				CLANG_WARN_COMMA = YES;
				CLANG_WARN_CONSTANT_CONVERSION = YES;
				CLANG_WARN_DEPRECATED_OBJC_IMPLEMENTATIONS = YES;
				CLANG_WARN_DIRECT_OBJC_ISA_USAGE = YES_ERROR;
				CLANG_WARN_DOCUMENTATION_COMMENTS = YES;
				CLANG_WARN_EMPTY_BODY = YES;
				CLANG_WARN_ENUM_CONVERSION = YES;
				CLANG_WARN_INFINITE_RECURSION = YES;
				CLANG_WARN_INT_CONVERSION = YES;
				CLANG_WARN_NON_LITERAL_NULL_CONVERSION = YES;
				CLANG_WARN_OBJC_IMPLICIT_RETAIN_SELF = YES;
				CLANG_WARN_OBJC_LITERAL_CONVERSION = YES;
				CLANG_WARN_OBJC_ROOT_CLASS = YES_ERROR;
				CLANG_WARN_RANGE_LOOP_ANALYSIS = YES;
				CLANG_WARN_STRICT_PROTOTYPES = YES;
				CLANG_WARN_SUSPICIOUS_MOVE = YES;
				CLANG_WARN_UNGUARDED_AVAILABILITY = YES_AGGRESSIVE;
				CLANG_WARN_UNREACHABLE_CODE = YES;
				CLANG_WARN__DUPLICATE_METHOD_MATCH = YES;
				CODE_SIGN_IDENTITY = "iPhone Developer";
				COPY_PHASE_STRIP = NO;
				DEBUG_INFORMATION_FORMAT = dwarf;
				ENABLE_STRICT_OBJC_MSGSEND = YES;
				ENABLE_TESTABILITY = YES;
				GCC_C_LANGUAGE_STANDARD = gnu11;
				GCC_DYNAMIC_NO_PIC = NO;
				GCC_NO_COMMON_BLOCKS = YES;
				GCC_OPTIMIZATION_LEVEL = 0;
				GCC_PREPROCESSOR_DEFINITIONS = (
					"DEBUG=1",
					"$(inherited)",
				);
				GCC_WARN_64_TO_32_BIT_CONVERSION = YES;
				GCC_WARN_ABOUT_RETURN_TYPE = YES_ERROR;
				GCC_WARN_UNDECLARED_SELECTOR = YES;
				GCC_WARN_UNINITIALIZED_AUTOS = YES_AGGRESSIVE;
				GCC_WARN_UNUSED_FUNCTION = YES;
				GCC_WARN_UNUSED_VARIABLE = YES;
				IPHONEOS_DEPLOYMENT_TARGET = 11.4;
				MTL_ENABLE_DEBUG_INFO = YES;
				ONLY_ACTIVE_ARCH = YES;
				SDKROOT = iphoneos;
				SWIFT_ACTIVE_COMPILATION_CONDITIONS = DEBUG;
				SWIFT_OPTIMIZATION_LEVEL = "-Onone";
			};
			name = Debug;
		};
		34976D5F2176C94100829251 /* Release */ = {
			isa = XCBuildConfiguration;
			buildSettings = {
				ALWAYS_SEARCH_USER_PATHS = NO;
				CLANG_ANALYZER_NONNULL = YES;
				CLANG_ANALYZER_NUMBER_OBJECT_CONVERSION = YES_AGGRESSIVE;
				CLANG_CXX_LANGUAGE_STANDARD = "gnu++14";
				CLANG_CXX_LIBRARY = "libc++";
				CLANG_ENABLE_MODULES = YES;
				CLANG_ENABLE_OBJC_ARC = YES;
				CLANG_ENABLE_OBJC_WEAK = YES;
				CLANG_WARN_BLOCK_CAPTURE_AUTORELEASING = YES;
				CLANG_WARN_BOOL_CONVERSION = YES;
				CLANG_WARN_COMMA = YES;
				CLANG_WARN_CONSTANT_CONVERSION = YES;
				CLANG_WARN_DEPRECATED_OBJC_IMPLEMENTATIONS = YES;
				CLANG_WARN_DIRECT_OBJC_ISA_USAGE = YES_ERROR;
				CLANG_WARN_DOCUMENTATION_COMMENTS = YES;
				CLANG_WARN_EMPTY_BODY = YES;
				CLANG_WARN_ENUM_CONVERSION = YES;
				CLANG_WARN_INFINITE_RECURSION = YES;
				CLANG_WARN_INT_CONVERSION = YES;
				CLANG_WARN_NON_LITERAL_NULL_CONVERSION = YES;
				CLANG_WARN_OBJC_IMPLICIT_RETAIN_SELF = YES;
				CLANG_WARN_OBJC_LITERAL_CONVERSION = YES;
				CLANG_WARN_OBJC_ROOT_CLASS = YES_ERROR;
				CLANG_WARN_RANGE_LOOP_ANALYSIS = YES;
				CLANG_WARN_STRICT_PROTOTYPES = YES;
				CLANG_WARN_SUSPICIOUS_MOVE = YES;
				CLANG_WARN_UNGUARDED_AVAILABILITY = YES_AGGRESSIVE;
				CLANG_WARN_UNREACHABLE_CODE = YES;
				CLANG_WARN__DUPLICATE_METHOD_MATCH = YES;
				CODE_SIGN_IDENTITY = "iPhone Developer";
				COPY_PHASE_STRIP = NO;
				DEBUG_INFORMATION_FORMAT = "dwarf-with-dsym";
				ENABLE_NS_ASSERTIONS = NO;
				ENABLE_STRICT_OBJC_MSGSEND = YES;
				GCC_C_LANGUAGE_STANDARD = gnu11;
				GCC_NO_COMMON_BLOCKS = YES;
				GCC_WARN_64_TO_32_BIT_CONVERSION = YES;
				GCC_WARN_ABOUT_RETURN_TYPE = YES_ERROR;
				GCC_WARN_UNDECLARED_SELECTOR = YES;
				GCC_WARN_UNINITIALIZED_AUTOS = YES_AGGRESSIVE;
				GCC_WARN_UNUSED_FUNCTION = YES;
				GCC_WARN_UNUSED_VARIABLE = YES;
				IPHONEOS_DEPLOYMENT_TARGET = 11.4;
				MTL_ENABLE_DEBUG_INFO = NO;
				SDKROOT = iphoneos;
				SWIFT_COMPILATION_MODE = wholemodule;
				SWIFT_OPTIMIZATION_LEVEL = "-O";
				VALIDATE_PRODUCT = YES;
			};
			name = Release;
		};
		34976D612176C94100829251 /* Debug */ = {
			isa = XCBuildConfiguration;
			buildSettings = {
				ASSETCATALOG_COMPILER_APPICON_NAME = AppIcon;
				CODE_SIGN_STYLE = Automatic;
				INFOPLIST_FILE = Matching/Info.plist;
				LD_RUNPATH_SEARCH_PATHS = (
					"$(inherited)",
					"@executable_path/Frameworks",
				);
				PRODUCT_BUNDLE_IDENTIFIER = fuller.Matching;
				PRODUCT_NAME = "$(TARGET_NAME)";
				SWIFT_VERSION = 4.2;
				TARGETED_DEVICE_FAMILY = "1,2";
			};
			name = Debug;
		};
		34976D622176C94100829251 /* Release */ = {
			isa = XCBuildConfiguration;
			buildSettings = {
				ASSETCATALOG_COMPILER_APPICON_NAME = AppIcon;
				CODE_SIGN_STYLE = Automatic;
				INFOPLIST_FILE = Matching/Info.plist;
				LD_RUNPATH_SEARCH_PATHS = (
					"$(inherited)",
					"@executable_path/Frameworks",
				);
				PRODUCT_BUNDLE_IDENTIFIER = fuller.Matching;
				PRODUCT_NAME = "$(TARGET_NAME)";
				SWIFT_VERSION = 4.2;
				TARGETED_DEVICE_FAMILY = "1,2";
			};
			name = Release;
		};
/* End XCBuildConfiguration section */

/* Begin XCConfigurationList section */
		34976D492176C93A00829251 /* Build configuration list for PBXProject "Matching" */ = {
			isa = XCConfigurationList;
			buildConfigurations = (
				34976D5E2176C94100829251 /* Debug */,
				34976D5F2176C94100829251 /* Release */,
			);
			defaultConfigurationIsVisible = 0;
			defaultConfigurationName = Release;
		};
		34976D602176C94100829251 /* Build configuration list for PBXNativeTarget "Matching" */ = {
			isa = XCConfigurationList;
			buildConfigurations = (
				34976D612176C94100829251 /* Debug */,
				34976D622176C94100829251 /* Release */,
			);
			defaultConfigurationIsVisible = 0;
			defaultConfigurationName = Release;
		};
/* End XCConfigurationList section */
	};
	rootObject = 34976D462176C93A00829251 /* Project object */;
}
